
Microsoft Visual Studio Solution File, Format Version 12.00
# Visual Studio Version 17
VisualStudioVersion = 17.7.34031.279
MinimumVisualStudioVersion = 10.0.40219.1
Project("{9A19103F-16F7-4668-BE54-9A1E7A4F7556}") = "ServerSchemaManagerSite", "ServerSchemaManagerSite\ServerSchemaManagerSite.csproj", "{F6A29494-768C-4DC0-85E7-5B3FE3CF8DDE}"
EndProject
Global
	GlobalSection(SolutionConfigurationPlatforms) = preSolution
		Debug|Any CPU = Debug|Any CPU
		Release|Any CPU = Release|Any CPU
	EndGlobalSection
	GlobalSection(ProjectConfigurationPlatforms) = postSolution
		{F6A29494-768C-4DC0-85E7-5B3FE3CF8DDE}.Debug|Any CPU.ActiveCfg = Debug|Any CPU
		{F6A29494-768C-4DC0-85E7-5B3FE3CF8DDE}.Debug|Any CPU.Build.0 = Debug|Any CPU
		{F6A29494-768C-4DC0-85E7-5B3FE3CF8DDE}.Release|Any CPU.ActiveCfg = Release|Any CPU
		{F6A29494-768C-4DC0-85E7-5B3FE3CF8DDE}.Release|Any CPU.Build.0 = Release|Any CPU
	EndGlobalSection
	GlobalSection(SolutionProperties) = preSolution
		HideSolutionNode = FALSE
	EndGlobalSection
	GlobalSection(ExtensibilityGlobals) = postSolution
		SolutionGuid = {FE5FC3CF-A152-457C-99BE-633FEDA021CE}
	EndGlobalSection
EndGlobal
